
Microsoft Visual Studio Solution File, Format Version 12.00
# Visual Studio Version 16
VisualStudioVersion = 16.0.32407.337
MinimumVisualStudioVersion = 10.0.40219.1
Project("{9A19103F-16F7-4668-BE54-9A1E7A4F7556}") = "OurFirstProject", "OurFirstProject\OurFirstProject.csproj", "{7E280607-1C4F-4F3C-A58A-21E7FB8547B0}"
EndProject
Project("{9A19103F-16F7-4668-BE54-9A1E7A4F7556}") = "ObjectOrientedProgrammingBasics", "ObjectOrientedProgrammingBasics\ObjectOrientedProgrammingBasics.csproj", "{1A77BF1E-3BF3-49AE-B761-A94E128CB8B1}"
EndProject
Project("{9A19103F-16F7-4668-BE54-9A1E7A4F7556}") = "BusinessLogic", "BusinessLogic\BusinessLogic.csproj", "{199B3884-5D4F-4A35-84EB-9555B3BF6001}"
EndProject
Project("{9A19103F-16F7-4668-BE54-9A1E7A4F7556}") = "InvoiceApp", "InvoiceApp\InvoiceApp.csproj", "{FAD0EED0-F836-4DC2-BB65-6C45E888EDD3}"
EndProject
Project("{9A19103F-16F7-4668-BE54-9A1E7A4F7556}") = "LinqFundamentals", "LinqFundamentals\LinqFundamentals.csproj", "{109E6155-1791-4242-98AA-C78684FED6F3}"
EndProject
Project("{FAE04EC0-301F-11D3-BF4B-00C04F79EFBC}") = "ObjectOrientedProgrammingContinuation", "ObjectOrientedProgrammingContinuation\ObjectOrientedProgrammingContinuation.csproj", "{96C6D0CC-6E30-4118-A6CB-DF8B254FDB6E}"
EndProject
Project("{FAE04EC0-301F-11D3-BF4B-00C04F79EFBC}") = "ExamPractice", "ExamPractice\ExamPractice.csproj", "{308AA521-F967-43CC-963A-BB1F3F500897}"
EndProject
Global
	GlobalSection(SolutionConfigurationPlatforms) = preSolution
		Debug|Any CPU = Debug|Any CPU
		Release|Any CPU = Release|Any CPU
	EndGlobalSection
	GlobalSection(ProjectConfigurationPlatforms) = postSolution
		{7E280607-1C4F-4F3C-A58A-21E7FB8547B0}.Debug|Any CPU.ActiveCfg = Debug|Any CPU
		{7E280607-1C4F-4F3C-A58A-21E7FB8547B0}.Debug|Any CPU.Build.0 = Debug|Any CPU
		{7E280607-1C4F-4F3C-A58A-21E7FB8547B0}.Release|Any CPU.ActiveCfg = Release|Any CPU
		{7E280607-1C4F-4F3C-A58A-21E7FB8547B0}.Release|Any CPU.Build.0 = Release|Any CPU
		{1A77BF1E-3BF3-49AE-B761-A94E128CB8B1}.Debug|Any CPU.ActiveCfg = Debug|Any CPU
		{1A77BF1E-3BF3-49AE-B761-A94E128CB8B1}.Debug|Any CPU.Build.0 = Debug|Any CPU
		{1A77BF1E-3BF3-49AE-B761-A94E128CB8B1}.Release|Any CPU.ActiveCfg = Release|Any CPU
		{1A77BF1E-3BF3-49AE-B761-A94E128CB8B1}.Release|Any CPU.Build.0 = Release|Any CPU
		{199B3884-5D4F-4A35-84EB-9555B3BF6001}.Debug|Any CPU.ActiveCfg = Debug|Any CPU
		{199B3884-5D4F-4A35-84EB-9555B3BF6001}.Debug|Any CPU.Build.0 = Debug|Any CPU
		{199B3884-5D4F-4A35-84EB-9555B3BF6001}.Release|Any CPU.ActiveCfg = Release|Any CPU
		{199B3884-5D4F-4A35-84EB-9555B3BF6001}.Release|Any CPU.Build.0 = Release|Any CPU
		{FAD0EED0-F836-4DC2-BB65-6C45E888EDD3}.Debug|Any CPU.ActiveCfg = Debug|Any CPU
		{FAD0EED0-F836-4DC2-BB65-6C45E888EDD3}.Debug|Any CPU.Build.0 = Debug|Any CPU
		{FAD0EED0-F836-4DC2-BB65-6C45E888EDD3}.Release|Any CPU.ActiveCfg = Release|Any CPU
		{FAD0EED0-F836-4DC2-BB65-6C45E888EDD3}.Release|Any CPU.Build.0 = Release|Any CPU
		{109E6155-1791-4242-98AA-C78684FED6F3}.Debug|Any CPU.ActiveCfg = Debug|Any CPU
		{109E6155-1791-4242-98AA-C78684FED6F3}.Debug|Any CPU.Build.0 = Debug|Any CPU
		{109E6155-1791-4242-98AA-C78684FED6F3}.Release|Any CPU.ActiveCfg = Release|Any CPU
		{109E6155-1791-4242-98AA-C78684FED6F3}.Release|Any CPU.Build.0 = Release|Any CPU
		{96C6D0CC-6E30-4118-A6CB-DF8B254FDB6E}.Debug|Any CPU.ActiveCfg = Debug|Any CPU
		{96C6D0CC-6E30-4118-A6CB-DF8B254FDB6E}.Debug|Any CPU.Build.0 = Debug|Any CPU
		{96C6D0CC-6E30-4118-A6CB-DF8B254FDB6E}.Release|Any CPU.ActiveCfg = Release|Any CPU
		{96C6D0CC-6E30-4118-A6CB-DF8B254FDB6E}.Release|Any CPU.Build.0 = Release|Any CPU
		{308AA521-F967-43CC-963A-BB1F3F500897}.Debug|Any CPU.ActiveCfg = Debug|Any CPU
		{308AA521-F967-43CC-963A-BB1F3F500897}.Debug|Any CPU.Build.0 = Debug|Any CPU
		{308AA521-F967-43CC-963A-BB1F3F500897}.Release|Any CPU.ActiveCfg = Release|Any CPU
		{308AA521-F967-43CC-963A-BB1F3F500897}.Release|Any CPU.Build.0 = Release|Any CPU
	EndGlobalSection
	GlobalSection(SolutionProperties) = preSolution
		HideSolutionNode = FALSE
	EndGlobalSection
	GlobalSection(ExtensibilityGlobals) = postSolution
		SolutionGuid = {1A1EC2B6-3E06-41C8-90D3-6E45BDC9B13B}
	EndGlobalSection
EndGlobal
