
Microsoft Visual Studio Solution File, Format Version 12.00
# Visual Studio Version 16
VisualStudioVersion = 16.0.32407.337
MinimumVisualStudioVersion = 10.0.40219.1
Project("{FAE04EC0-301F-11D3-BF4B-00C04F79EFBC}") = "OurFirstProject", "OurFirstProject\OurFirstProject.csproj", "{7E280607-1C4F-4F3C-A58A-21E7FB8547B0}"
EndProject
Global
	GlobalSection(SolutionConfigurationPlatforms) = preSolution
		Debug|Any CPU = Debug|Any CPU
		Release|Any CPU = Release|Any CPU
	EndGlobalSection
	GlobalSection(ProjectConfigurationPlatforms) = postSolution
		{7E280607-1C4F-4F3C-A58A-21E7FB8547B0}.Debug|Any CPU.ActiveCfg = Debug|Any CPU
		{7E280607-1C4F-4F3C-A58A-21E7FB8547B0}.Debug|Any CPU.Build.0 = Debug|Any CPU
		{7E280607-1C4F-4F3C-A58A-21E7FB8547B0}.Release|Any CPU.ActiveCfg = Release|Any CPU
		{7E280607-1C4F-4F3C-A58A-21E7FB8547B0}.Release|Any CPU.Build.0 = Release|Any CPU
	EndGlobalSection
	GlobalSection(SolutionProperties) = preSolution
		HideSolutionNode = FALSE
	EndGlobalSection
	GlobalSection(ExtensibilityGlobals) = postSolution
		SolutionGuid = {1A1EC2B6-3E06-41C8-90D3-6E45BDC9B13B}
	EndGlobalSection
EndGlobal
